PODS:
  - Difference (0.4)
  - SceneBuilder (1.0.0)

DEPENDENCIES:
  - Difference (= 0.4)
  - SceneBuilder (= 1.0.0)

SPEC REPOS:
  https://github.com/jrBordet/RxFramework.podspec.git:
    - SceneBuilder
  trunk:
    - Difference

SPEC CHECKSUMS:
  Difference: d647f091010f05267885fdf758b885c6cfbf116e
  SceneBuilder: e8beec60660be16524eb651df022f310e7a200aa

PODFILE CHECKSUM: 4f1395545f87d3f4e57c8da539ce58978d004f48

COCOAPODS: 1.9.3
